
Microsoft Visual Studio Solution File, Format Version 12.00
# Visual Studio 15
VisualStudioVersion = 15.0.28307.421
MinimumVisualStudioVersion = 10.0.40219.1
Project("{FAE04EC0-301F-11D3-BF4B-00C04F79EFBC}") = "Dependency_Injection_Sample", "Dependency_Injection_Sample\Dependency_Injection_Sample.csproj", "{1457A831-FFB1-4855-BD48-DCB4F0EF127B}"
EndProject
Global
	GlobalSection(SolutionConfigurationPlatforms) = preSolution
		Debug|Any CPU = Debug|Any CPU
		Release|Any CPU = Release|Any CPU
	EndGlobalSection
	GlobalSection(ProjectConfigurationPlatforms) = postSolution
		{1457A831-FFB1-4855-BD48-DCB4F0EF127B}.Debug|Any CPU.ActiveCfg = Debug|Any CPU
		{1457A831-FFB1-4855-BD48-DCB4F0EF127B}.Debug|Any CPU.Build.0 = Debug|Any CPU
		{1457A831-FFB1-4855-BD48-DCB4F0EF127B}.Release|Any CPU.ActiveCfg = Release|Any CPU
		{1457A831-FFB1-4855-BD48-DCB4F0EF127B}.Release|Any CPU.Build.0 = Release|Any CPU
	EndGlobalSection
	GlobalSection(SolutionProperties) = preSolution
		HideSolutionNode = FALSE
	EndGlobalSection
	GlobalSection(ExtensibilityGlobals) = postSolution
		SolutionGuid = {8179619B-BEF7-413E-814B-4FCA9908B647}
	EndGlobalSection
EndGlobal
